{
    "version": 3,
    "terraform_version": "0.11.7",
    "serial": 13,
    "lineage": "9c822785-4913-05d3-7eeb-b225cda92293",
    "modules": [
        {
            "path": [
                "root"
            ],
            "outputs": {
                "jenkins_ip": {
                    "sensitive": false,
                    "type": "string",
                    "value": "34.219.42.112"
                },
                "stagging_ip": {
                    "sensitive": false,
                    "type": "string",
                    "value": "54.201.178.147"
                }
            },
            "resources": {
                "aws_instance.jenkins": {
                    "type": "aws_instance",
                    "depends_on": [
                        "aws_security_group.sg_jenkins"
                    ],
                    "primary": {
                        "id": "i-02b6689ae361f459c",
                        "attributes": {
                            "ami": "ami-ba602bc2",
                            "associate_public_ip_address": "true",
                            "availability_zone": "us-west-2c",
                            "cpu_core_count": "1",
                            "cpu_threads_per_core": "2",
                            "credit_specification.#": "1",
                            "credit_specification.0.cpu_credits": "standard",
                            "disable_api_termination": "false",
                            "ebs_block_device.#": "0",
                            "ebs_optimized": "false",
                            "ephemeral_block_device.#": "0",
                            "get_password_data": "false",
                            "iam_instance_profile": "",
                            "id": "i-02b6689ae361f459c",
                            "instance_state": "running",
                            "instance_type": "m4.large",
                            "ipv6_addresses.#": "0",
                            "key_name": "Sandhya-IAM-Keypair",
                            "monitoring": "false",
                            "network_interface.#": "0",
                            "network_interface_id": "eni-09e0eb8013cf39a44",
                            "password_data": "",
                            "placement_group": "",
                            "primary_network_interface_id": "eni-09e0eb8013cf39a44",
                            "private_dns": "ip-172-31-0-24.us-west-2.compute.internal",
                            "private_ip": "172.31.0.24",
                            "public_dns": "ec2-34-219-42-112.us-west-2.compute.amazonaws.com",
                            "public_ip": "34.219.42.112",
                            "root_block_device.#": "1",
                            "root_block_device.0.delete_on_termination": "true",
                            "root_block_device.0.iops": "100",
                            "root_block_device.0.volume_id": "vol-072b4505242d5b87d",
                            "root_block_device.0.volume_size": "8",
                            "root_block_device.0.volume_type": "gp2",
                            "security_groups.#": "1",
                            "security_groups.2187262342": "sg_jenkins",
                            "source_dest_check": "true",
                            "subnet_id": "subnet-f0f8aaaa",
                            "tags.%": "1",
                            "tags.Name": "jenkins-server",
                            "tenancy": "default",
                            "volume_tags.%": "0",
                            "vpc_security_group_ids.#": "1",
                            "vpc_security_group_ids.1592372341": "sg-0684527cb6834f7fe"
                        },
                        "meta": {
                            "e2bfb730-ecaa-11e6-8f88-34363bc7c4c0": {
                                "create": 600000000000,
                                "delete": 1200000000000,
                                "update": 600000000000
                            },
                            "schema_version": "1"
                        },
                        "tainted": false
                    },
                    "deposed": [],
                    "provider": "provider.aws"
                },
                "aws_instance.stagging": {
                    "type": "aws_instance",
                    "depends_on": [
                        "aws_security_group.sg_jenkins"
                    ],
                    "primary": {
                        "id": "i-04d5e0fc23cecc16b",
                        "attributes": {
                            "ami": "ami-ba602bc2",
                            "associate_public_ip_address": "true",
                            "availability_zone": "us-west-2c",
                            "cpu_core_count": "1",
                            "cpu_threads_per_core": "2",
                            "credit_specification.#": "1",
                            "credit_specification.0.cpu_credits": "standard",
                            "disable_api_termination": "false",
                            "ebs_block_device.#": "0",
                            "ebs_optimized": "false",
                            "ephemeral_block_device.#": "0",
                            "get_password_data": "false",
                            "iam_instance_profile": "",
                            "id": "i-04d5e0fc23cecc16b",
                            "instance_state": "running",
                            "instance_type": "m4.large",
                            "ipv6_addresses.#": "0",
                            "key_name": "Sandhya-IAM-Keypair",
                            "monitoring": "false",
                            "network_interface.#": "0",
                            "network_interface_id": "eni-0bb151dffd282a35a",
                            "password_data": "",
                            "placement_group": "",
                            "primary_network_interface_id": "eni-0bb151dffd282a35a",
                            "private_dns": "ip-172-31-14-79.us-west-2.compute.internal",
                            "private_ip": "172.31.14.79",
                            "public_dns": "ec2-54-201-178-147.us-west-2.compute.amazonaws.com",
                            "public_ip": "54.201.178.147",
                            "root_block_device.#": "1",
                            "root_block_device.0.delete_on_termination": "true",
                            "root_block_device.0.iops": "100",
                            "root_block_device.0.volume_id": "vol-08bb48c5e68c06499",
                            "root_block_device.0.volume_size": "8",
                            "root_block_device.0.volume_type": "gp2",
                            "security_groups.#": "1",
                            "security_groups.2187262342": "sg_jenkins",
                            "source_dest_check": "true",
                            "subnet_id": "subnet-f0f8aaaa",
                            "tags.%": "1",
                            "tags.Name": "stagging-server",
                            "tenancy": "default",
                            "volume_tags.%": "0",
                            "vpc_security_group_ids.#": "1",
                            "vpc_security_group_ids.1592372341": "sg-0684527cb6834f7fe"
                        },
                        "meta": {
                            "e2bfb730-ecaa-11e6-8f88-34363bc7c4c0": {
                                "create": 600000000000,
                                "delete": 1200000000000,
                                "update": 600000000000
                            },
                            "schema_version": "1"
                        },
                        "tainted": false
                    },
                    "deposed": [],
                    "provider": "provider.aws"
                },
                "aws_security_group.sg_jenkins": {
                    "type": "aws_security_group",
                    "depends_on": [],
                    "primary": {
                        "id": "sg-0684527cb6834f7fe",
                        "attributes": {
                            "arn": "arn:aws:ec2:us-west-2:502341888088:security-group/sg-0684527cb6834f7fe",
                            "description": "Allows all traffic",
                            "egress.#": "1",
                            "egress.482069346.cidr_blocks.#": "1",
                            "egress.482069346.cidr_blocks.0": "0.0.0.0/0",
                            "egress.482069346.description": "",
                            "egress.482069346.from_port": "0",
                            "egress.482069346.ipv6_cidr_blocks.#": "0",
                            "egress.482069346.prefix_list_ids.#": "0",
                            "egress.482069346.protocol": "-1",
                            "egress.482069346.security_groups.#": "0",
                            "egress.482069346.self": "false",
                            "egress.482069346.to_port": "0",
                            "id": "sg-0684527cb6834f7fe",
                            "ingress.#": "5",
                            "ingress.1017659118.cidr_blocks.#": "1",
                            "ingress.1017659118.cidr_blocks.0": "0.0.0.0/0",
                            "ingress.1017659118.description": "",
                            "ingress.1017659118.from_port": "50000",
                            "ingress.1017659118.ipv6_cidr_blocks.#": "0",
                            "ingress.1017659118.protocol": "tcp",
                            "ingress.1017659118.security_groups.#": "0",
                            "ingress.1017659118.self": "false",
                            "ingress.1017659118.to_port": "50000",
                            "ingress.186286111.cidr_blocks.#": "1",
                            "ingress.186286111.cidr_blocks.0": "0.0.0.0/0",
                            "ingress.186286111.description": "",
                            "ingress.186286111.from_port": "4040",
                            "ingress.186286111.ipv6_cidr_blocks.#": "0",
                            "ingress.186286111.protocol": "tcp",
                            "ingress.186286111.security_groups.#": "0",
                            "ingress.186286111.self": "false",
                            "ingress.186286111.to_port": "4040",
                            "ingress.2214680975.cidr_blocks.#": "1",
                            "ingress.2214680975.cidr_blocks.0": "0.0.0.0/0",
                            "ingress.2214680975.description": "",
                            "ingress.2214680975.from_port": "80",
                            "ingress.2214680975.ipv6_cidr_blocks.#": "0",
                            "ingress.2214680975.protocol": "tcp",
                            "ingress.2214680975.security_groups.#": "0",
                            "ingress.2214680975.self": "false",
                            "ingress.2214680975.to_port": "80",
                            "ingress.2541437006.cidr_blocks.#": "1",
                            "ingress.2541437006.cidr_blocks.0": "0.0.0.0/0",
                            "ingress.2541437006.description": "",
                            "ingress.2541437006.from_port": "22",
                            "ingress.2541437006.ipv6_cidr_blocks.#": "0",
                            "ingress.2541437006.protocol": "tcp",
                            "ingress.2541437006.security_groups.#": "0",
                            "ingress.2541437006.self": "false",
                            "ingress.2541437006.to_port": "22",
                            "ingress.2617001939.cidr_blocks.#": "1",
                            "ingress.2617001939.cidr_blocks.0": "0.0.0.0/0",
                            "ingress.2617001939.description": "",
                            "ingress.2617001939.from_port": "443",
                            "ingress.2617001939.ipv6_cidr_blocks.#": "0",
                            "ingress.2617001939.protocol": "tcp",
                            "ingress.2617001939.security_groups.#": "0",
                            "ingress.2617001939.self": "false",
                            "ingress.2617001939.to_port": "443",
                            "name": "sg_jenkins",
                            "owner_id": "502341888088",
                            "revoke_rules_on_delete": "false",
                            "tags.%": "0",
                            "vpc_id": "vpc-0d35df75"
                        },
                        "meta": {
                            "e2bfb730-ecaa-11e6-8f88-34363bc7c4c0": {
                                "create": 600000000000,
                                "delete": 600000000000
                            },
                            "schema_version": "1"
                        },
                        "tainted": false
                    },
                    "deposed": [],
                    "provider": "provider.aws"
                }
            },
            "depends_on": []
        }
    ]
}
